{
  "pins" : [
    {
      "identity" : "exyteactivityindicator",
      "kind" : "remoteSourceControl",
      "location" : "https://github.com/InspireDevStdio/ExyteActivityIndicator",
      "state" : {
        "revision" : "86d8f8321fd9f844a6667dd5832648d2c864ac0d",
        "version" : "1.0.0"
      }
    },
    {
      "identity" : "exytemediapicker",
      "kind" : "remoteSourceControl",
      "location" : "https://github.com/InspireDevStdio/ExyteMediaPicker",
      "state" : {
        "revision" : "bb43da20d91f4e1953ffbb9863740fc495901806",
        "version" : "1.0.0"
      }
    },
    {
      "identity" : "giphy-ios-sdk",
      "kind" : "remoteSourceControl",
      "location" : "https://github.com/Giphy/giphy-ios-sdk",
      "state" : {
        "revision" : "5afbf8ac89273a14ead2bd494b498a3fa46c6c56",
        "version" : "2.2.14"
      }
    },
    {
      "identity" : "kingfisher",
      "kind" : "remoteSourceControl",
      "location" : "https://github.com/onevcat/Kingfisher",
      "state" : {
        "revision" : "2015fda791daa72c8058619545a593bf8c1dd59f",
        "version" : "8.5.0"
      }
    },
    {
      "identity" : "libwebp-xcode",
      "kind" : "remoteSourceControl",
      "location" : "https://github.com/SDWebImage/libwebp-Xcode",
      "state" : {
        "revision" : "0d60654eeefd5d7d2bef3835804892c40225e8b2",
        "version" : "1.5.0"
      }
    }
  ],
  "version" : 2
}
